
Microsoft Visual Studio Solution File, Format Version 12.00
# Visual Studio Version 17
VisualStudioVersion = 17.0.31919.166
MinimumVisualStudioVersion = 10.0.40219.1
Project("{2150E333-8FDC-42A3-9474-1A3956D46DE8}") = "src", "src", "{EE7F9847-3129-4A52-9A91-E5CFC91BFC18}"
EndProject
Project("{9A19103F-16F7-4668-BE54-9A1E7A4F7556}") = "Domain", "src\Domain\Domain.csproj", "{B4236771-64E8-49C0-9913-1EF0F2C73244}"
EndProject
Project("{9A19103F-16F7-4668-BE54-9A1E7A4F7556}") = "Core", "src\Core\Core.csproj", "{138D2320-5531-4BC7-BA83-D8D8CBF0C6E8}"
EndProject
Project("{9A19103F-16F7-4668-BE54-9A1E7A4F7556}") = "Infrastructure", "src\Infrastructure\Infrastructure.csproj", "{69451E66-29F6-49EE-8795-6717E93E93D7}"
EndProject
Project("{9A19103F-16F7-4668-BE54-9A1E7A4F7556}") = "WebAPI", "src\WebAPI\WebAPI.csproj", "{DACC37B7-9B5E-451C-B1FE-1EB2A917B859}"
	ProjectSection(ProjectDependencies) = postProject
		{138D2320-5531-4BC7-BA83-D8D8CBF0C6E8} = {138D2320-5531-4BC7-BA83-D8D8CBF0C6E8}
		{B4236771-64E8-49C0-9913-1EF0F2C73244} = {B4236771-64E8-49C0-9913-1EF0F2C73244}
	EndProjectSection
EndProject
Project("{9A19103F-16F7-4668-BE54-9A1E7A4F7556}") = "Application", "src\Application\Application.csproj", "{4C68798D-DE6E-4916-8733-00F9C6F53941}"
EndProject
Global
	GlobalSection(SolutionConfigurationPlatforms) = preSolution
		Debug|Any CPU = Debug|Any CPU
		Release|Any CPU = Release|Any CPU
	EndGlobalSection
	GlobalSection(ProjectConfigurationPlatforms) = postSolution
		{B4236771-64E8-49C0-9913-1EF0F2C73244}.Debug|Any CPU.ActiveCfg = Debug|Any CPU
		{B4236771-64E8-49C0-9913-1EF0F2C73244}.Debug|Any CPU.Build.0 = Debug|Any CPU
		{B4236771-64E8-49C0-9913-1EF0F2C73244}.Release|Any CPU.ActiveCfg = Release|Any CPU
		{B4236771-64E8-49C0-9913-1EF0F2C73244}.Release|Any CPU.Build.0 = Release|Any CPU
		{138D2320-5531-4BC7-BA83-D8D8CBF0C6E8}.Debug|Any CPU.ActiveCfg = Debug|Any CPU
		{138D2320-5531-4BC7-BA83-D8D8CBF0C6E8}.Debug|Any CPU.Build.0 = Debug|Any CPU
		{138D2320-5531-4BC7-BA83-D8D8CBF0C6E8}.Release|Any CPU.ActiveCfg = Release|Any CPU
		{138D2320-5531-4BC7-BA83-D8D8CBF0C6E8}.Release|Any CPU.Build.0 = Release|Any CPU
		{69451E66-29F6-49EE-8795-6717E93E93D7}.Debug|Any CPU.ActiveCfg = Debug|Any CPU
		{69451E66-29F6-49EE-8795-6717E93E93D7}.Debug|Any CPU.Build.0 = Debug|Any CPU
		{69451E66-29F6-49EE-8795-6717E93E93D7}.Release|Any CPU.ActiveCfg = Release|Any CPU
		{69451E66-29F6-49EE-8795-6717E93E93D7}.Release|Any CPU.Build.0 = Release|Any CPU
		{DACC37B7-9B5E-451C-B1FE-1EB2A917B859}.Debug|Any CPU.ActiveCfg = Debug|Any CPU
		{DACC37B7-9B5E-451C-B1FE-1EB2A917B859}.Debug|Any CPU.Build.0 = Debug|Any CPU
		{DACC37B7-9B5E-451C-B1FE-1EB2A917B859}.Release|Any CPU.ActiveCfg = Release|Any CPU
		{DACC37B7-9B5E-451C-B1FE-1EB2A917B859}.Release|Any CPU.Build.0 = Release|Any CPU
		{4C68798D-DE6E-4916-8733-00F9C6F53941}.Debug|Any CPU.ActiveCfg = Debug|Any CPU
		{4C68798D-DE6E-4916-8733-00F9C6F53941}.Debug|Any CPU.Build.0 = Debug|Any CPU
		{4C68798D-DE6E-4916-8733-00F9C6F53941}.Release|Any CPU.ActiveCfg = Release|Any CPU
		{4C68798D-DE6E-4916-8733-00F9C6F53941}.Release|Any CPU.Build.0 = Release|Any CPU
	EndGlobalSection
	GlobalSection(SolutionProperties) = preSolution
		HideSolutionNode = FALSE
	EndGlobalSection
	GlobalSection(NestedProjects) = preSolution
		{B4236771-64E8-49C0-9913-1EF0F2C73244} = {EE7F9847-3129-4A52-9A91-E5CFC91BFC18}
		{138D2320-5531-4BC7-BA83-D8D8CBF0C6E8} = {EE7F9847-3129-4A52-9A91-E5CFC91BFC18}
		{69451E66-29F6-49EE-8795-6717E93E93D7} = {EE7F9847-3129-4A52-9A91-E5CFC91BFC18}
		{DACC37B7-9B5E-451C-B1FE-1EB2A917B859} = {EE7F9847-3129-4A52-9A91-E5CFC91BFC18}
		{4C68798D-DE6E-4916-8733-00F9C6F53941} = {EE7F9847-3129-4A52-9A91-E5CFC91BFC18}
	EndGlobalSection
	GlobalSection(ExtensibilityGlobals) = postSolution
		SolutionGuid = {2E80C6E5-1A63-41FB-80B5-8784A0A530AB}
	EndGlobalSection
EndGlobal
